
Microsoft Visual Studio Solution File, Format Version 12.00
# Visual Studio Version 17
VisualStudioVersion = 17.0.32014.148
MinimumVisualStudioVersion = 10.0.40219.1
Project("{FAE04EC0-301F-11D3-BF4B-00C04F79EFBC}") = "cuchi cuchi", "cuchi cuchi.csproj", "{792FA882-A037-4FBC-952F-F849EA5E81FE}"
EndProject
Global
	GlobalSection(SolutionConfigurationPlatforms) = preSolution
		Debug|Any CPU = Debug|Any CPU
		Release|Any CPU = Release|Any CPU
	EndGlobalSection
	GlobalSection(ProjectConfigurationPlatforms) = postSolution
		{792FA882-A037-4FBC-952F-F849EA5E81FE}.Debug|Any CPU.ActiveCfg = Debug|Any CPU
		{792FA882-A037-4FBC-952F-F849EA5E81FE}.Debug|Any CPU.Build.0 = Debug|Any CPU
		{792FA882-A037-4FBC-952F-F849EA5E81FE}.Release|Any CPU.ActiveCfg = Release|Any CPU
		{792FA882-A037-4FBC-952F-F849EA5E81FE}.Release|Any CPU.Build.0 = Release|Any CPU
	EndGlobalSection
	GlobalSection(SolutionProperties) = preSolution
		HideSolutionNode = FALSE
	EndGlobalSection
	GlobalSection(ExtensibilityGlobals) = postSolution
		SolutionGuid = {798E2A15-9453-4807-AA3F-01C9C213FC2C}
	EndGlobalSection
EndGlobal
